{
  "prettier.config.mjs": "6cf6f19cee9b9fb30b5690913d040919ba44333dd1e93882f1b2d65f81bf4995",
  "tsconfig.json": "4f259ce0ae125461076808993dbe36c6ca03d2cbd4a6fbb0510ddfa07ce9451c",
  "nest-cli.json": "2bad2491b63268e0eb3a398f436ca81643535837180336984c023d6083306fd7",
  "package.json": "7b7b51f6f28d14abe3aafcd99e6a66870cf2537fc79070d69693c98eca5cdcba",
  "pnpm-lock.yaml": "568c29294aa21c4850f4474dcce8d6bbff403861b04ab6e67a8d516840b7fe5e",
  "prisma.config.ts": "7443319b34498a98d2b19402131eb03fd975318d1bce2a834012637e229d59e4",
  ".gitignore": "3c63a05ed97db60b808876e115f6630b698948505bcb39b632796382d0ef08d4",
  "_updated": "2026-06-22T15:41:27.871Z"
}
